{
  "requires": true,
  "lockfileVersion": 1,
  "dependencies": {
    "@types/angular": {
      "version": "1.7.1",
      "resolved": "https://registry.npmjs.org/@types/angular/-/angular-1.7.1.tgz",
      "integrity": "sha512-MX/G4abbHoyMyMNFmajjhAdNpY3Kd2a6gIUrxmDsjf+D/NuzDdW/cmo5hfjfLish6q1QhR7+J52Lfw6rRtyFoA==",
      "dev": true
    }
  }
}
